// !$*UTF8*$!
{
	archiveVersion = 1;
	classes = {
	};
	objectVersion = 50;
	objects = {

/* Begin PBXBuildFile section */
		485BE1CE24AB9A0E000571A1 /* FinanzasCore.h in Headers */ = {isa = PBXBuildFile; fileRef = 485BE1CC24AB9A0E000571A1 /* FinanzasCore.h */; settings = {ATTRIBUTES = (Public, ); }; };
		485BE1D124AB9A0E000571A1 /* FinanzasCore.framework in Frameworks */ = {isa = PBXBuildFile; fileRef = 485BE1CA24AB9A0E000571A1 /* FinanzasCore.framework */; };
		485BE1D224AB9A0E000571A1 /* FinanzasCore.framework in Embed Frameworks */ = {isa = PBXBuildFile; fileRef = 485BE1CA24AB9A0E000571A1 /* FinanzasCore.framework */; settings = {ATTRIBUTES = (CodeSignOnCopy, RemoveHeadersOnCopy, ); }; };
		485BE1DD24AB9A44000571A1 /* Transactions.swift in Sources */ = {isa = PBXBuildFile; fileRef = 485BE1D724AB9A43000571A1 /* Transactions.swift */; };
		485BE1DE24AB9A44000571A1 /* Debit.swift in Sources */ = {isa = PBXBuildFile; fileRef = 485BE1D824AB9A43000571A1 /* Debit.swift */; };
		485BE1DF24AB9A44000571A1 /* Date.swift in Sources */ = {isa = PBXBuildFile; fileRef = 485BE1D924AB9A43000571A1 /* Date.swift */; };
		485BE1E024AB9A44000571A1 /* Account.swift in Sources */ = {isa = PBXBuildFile; fileRef = 485BE1DA24AB9A43000571A1 /* Account.swift */; };
		485BE1E124AB9A44000571A1 /* Person.swift in Sources */ = {isa = PBXBuildFile; fileRef = 485BE1DB24AB9A43000571A1 /* Person.swift */; };
		485BE1E224AB9A44000571A1 /* Gain.swift in Sources */ = {isa = PBXBuildFile; fileRef = 485BE1DC24AB9A44000571A1 /* Gain.swift */; };
		485BE1E424ABA2FD000571A1 /* TransaccionCell.swift in Sources */ = {isa = PBXBuildFile; fileRef = 485BE1E324ABA2FD000571A1 /* TransaccionCell.swift */; };
		485BE1E624ABD799000571A1 /* BaseTabBarViewController.swift in Sources */ = {isa = PBXBuildFile; fileRef = 485BE1E524ABD799000571A1 /* BaseTabBarViewController.swift */; };
		485BE1E824ABE143000571A1 /* Extensions.swift in Sources */ = {isa = PBXBuildFile; fileRef = 485BE1E724ABE143000571A1 /* Extensions.swift */; };
		4897556624A68AD200D6CF49 /* AppDelegate.swift in Sources */ = {isa = PBXBuildFile; fileRef = 4897556524A68AD200D6CF49 /* AppDelegate.swift */; };
		4897556824A68AD200D6CF49 /* SceneDelegate.swift in Sources */ = {isa = PBXBuildFile; fileRef = 4897556724A68AD200D6CF49 /* SceneDelegate.swift */; };
		4897556A24A68AD200D6CF49 /* AccountViewController.swift in Sources */ = {isa = PBXBuildFile; fileRef = 4897556924A68AD200D6CF49 /* AccountViewController.swift */; };
		4897556D24A68AD200D6CF49 /* Main.storyboard in Resources */ = {isa = PBXBuildFile; fileRef = 4897556B24A68AD200D6CF49 /* Main.storyboard */; };
		4897556F24A68AD800D6CF49 /* Assets.xcassets in Resources */ = {isa = PBXBuildFile; fileRef = 4897556E24A68AD800D6CF49 /* Assets.xcassets */; };
		4897557224A68AD800D6CF49 /* LaunchScreen.storyboard in Resources */ = {isa = PBXBuildFile; fileRef = 4897557024A68AD800D6CF49 /* LaunchScreen.storyboard */; };
		4897557A24A6AD2200D6CF49 /* TransactionsViewController.swift in Sources */ = {isa = PBXBuildFile; fileRef = 4897557924A6AD2200D6CF49 /* TransactionsViewController.swift */; };
		48A8438924AA7C4700A164A4 /* AddTransaction.storyboard in Resources */ = {isa = PBXBuildFile; fileRef = 48A8438824AA7C4700A164A4 /* AddTransaction.storyboard */; };
		48A8438C24AA7DBA00A164A4 /* AddTransactionViewController.swift in Sources */ = {isa = PBXBuildFile; fileRef = 48A8438B24AA7DBA00A164A4 /* AddTransactionViewController.swift */; };
/* End PBXBuildFile section */

/* Begin PBXContainerItemProxy section */
		485BE1CF24AB9A0E000571A1 /* PBXContainerItemProxy */ = {
			isa = PBXContainerItemProxy;
			containerPortal = 4897555A24A68AD100D6CF49 /* Project object */;
			proxyType = 1;
			remoteGlobalIDString = 485BE1C924AB9A0E000571A1;
			remoteInfo = FinanzasCore;
		};
/* End PBXContainerItemProxy section */

/* Begin PBXCopyFilesBuildPhase section */
		485BE1D324AB9A0E000571A1 /* Embed Frameworks */ = {
			isa = PBXCopyFilesBuildPhase;
			buildActionMask = 2147483647;
			dstPath = "";
			dstSubfolderSpec = 10;
			files = (
				485BE1D224AB9A0E000571A1 /* FinanzasCore.framework in Embed Frameworks */,
			);
			name = "Embed Frameworks";
			runOnlyForDeploymentPostprocessing = 0;
		};
/* End PBXCopyFilesBuildPhase section */

/* Begin PBXFileReference section */
		485BE1CA24AB9A0E000571A1 /* FinanzasCore.framework */ = {isa = PBXFileReference; explicitFileType = wrapper.framework; includeInIndex = 0; path = FinanzasCore.framework; sourceTree = BUILT_PRODUCTS_DIR; };
		485BE1CC24AB9A0E000571A1 /* FinanzasCore.h */ = {isa = PBXFileReference; lastKnownFileType = sourcecode.c.h; path = FinanzasCore.h; sourceTree = "<group>"; };
		485BE1CD24AB9A0E000571A1 /* Info.plist */ = {isa = PBXFileReference; lastKnownFileType = text.plist.xml; path = Info.plist; sourceTree = "<group>"; };
		485BE1D724AB9A43000571A1 /* Transactions.swift */ = {isa = PBXFileReference; fileEncoding = 4; lastKnownFileType = sourcecode.swift; path = Transactions.swift; sourceTree = "<group>"; };
		485BE1D824AB9A43000571A1 /* Debit.swift */ = {isa = PBXFileReference; fileEncoding = 4; lastKnownFileType = sourcecode.swift; path = Debit.swift; sourceTree = "<group>"; };
		485BE1D924AB9A43000571A1 /* Date.swift */ = {isa = PBXFileReference; fileEncoding = 4; lastKnownFileType = sourcecode.swift; path = Date.swift; sourceTree = "<group>"; };
		485BE1DA24AB9A43000571A1 /* Account.swift */ = {isa = PBXFileReference; fileEncoding = 4; lastKnownFileType = sourcecode.swift; path = Account.swift; sourceTree = "<group>"; };
		485BE1DB24AB9A43000571A1 /* Person.swift */ = {isa = PBXFileReference; fileEncoding = 4; lastKnownFileType = sourcecode.swift; path = Person.swift; sourceTree = "<group>"; };
		485BE1DC24AB9A44000571A1 /* Gain.swift */ = {isa = PBXFileReference; fileEncoding = 4; lastKnownFileType = sourcecode.swift; path = Gain.swift; sourceTree = "<group>"; };
		485BE1E324ABA2FD000571A1 /* TransaccionCell.swift */ = {isa = PBXFileReference; lastKnownFileType = sourcecode.swift; path = TransaccionCell.swift; sourceTree = "<group>"; };
		485BE1E524ABD799000571A1 /* BaseTabBarViewController.swift */ = {isa = PBXFileReference; lastKnownFileType = sourcecode.swift; path = BaseTabBarViewController.swift; sourceTree = "<group>"; };
		485BE1E724ABE143000571A1 /* Extensions.swift */ = {isa = PBXFileReference; lastKnownFileType = sourcecode.swift; path = Extensions.swift; sourceTree = "<group>"; };
		4897556224A68AD200D6CF49 /* FinanzasFirst.app */ = {isa = PBXFileReference; explicitFileType = wrapper.application; includeInIndex = 0; path = FinanzasFirst.app; sourceTree = BUILT_PRODUCTS_DIR; };
		4897556524A68AD200D6CF49 /* AppDelegate.swift */ = {isa = PBXFileReference; lastKnownFileType = sourcecode.swift; path = AppDelegate.swift; sourceTree = "<group>"; };
		4897556724A68AD200D6CF49 /* SceneDelegate.swift */ = {isa = PBXFileReference; lastKnownFileType = sourcecode.swift; path = SceneDelegate.swift; sourceTree = "<group>"; };
		4897556924A68AD200D6CF49 /* AccountViewController.swift */ = {isa = PBXFileReference; lastKnownFileType = sourcecode.swift; path = AccountViewController.swift; sourceTree = "<group>"; };
		4897556C24A68AD200D6CF49 /* Base */ = {isa = PBXFileReference; lastKnownFileType = file.storyboard; name = Base; path = Base.lproj/Main.storyboard; sourceTree = "<group>"; };
		4897556E24A68AD800D6CF49 /* Assets.xcassets */ = {isa = PBXFileReference; lastKnownFileType = folder.assetcatalog; path = Assets.xcassets; sourceTree = "<group>"; };
		4897557124A68AD800D6CF49 /* Base */ = {isa = PBXFileReference; lastKnownFileType = file.storyboard; name = Base; path = Base.lproj/LaunchScreen.storyboard; sourceTree = "<group>"; };
		4897557324A68AD800D6CF49 /* Info.plist */ = {isa = PBXFileReference; lastKnownFileType = text.plist.xml; path = Info.plist; sourceTree = "<group>"; };
		4897557924A6AD2200D6CF49 /* TransactionsViewController.swift */ = {isa = PBXFileReference; lastKnownFileType = sourcecode.swift; path = TransactionsViewController.swift; sourceTree = "<group>"; };
		48A8438824AA7C4700A164A4 /* AddTransaction.storyboard */ = {isa = PBXFileReference; lastKnownFileType = file.storyboard; path = AddTransaction.storyboard; sourceTree = "<group>"; };
		48A8438B24AA7DBA00A164A4 /* AddTransactionViewController.swift */ = {isa = PBXFileReference; lastKnownFileType = sourcecode.swift; path = AddTransactionViewController.swift; sourceTree = "<group>"; };
/* End PBXFileReference section */

/* Begin PBXFrameworksBuildPhase section */
		485BE1C724AB9A0E000571A1 /* Frameworks */ = {
			isa = PBXFrameworksBuildPhase;
			buildActionMask = 2147483647;
			files = (
			);
			runOnlyForDeploymentPostprocessing = 0;
		};
		4897555F24A68AD200D6CF49 /* Frameworks */ = {
			isa = PBXFrameworksBuildPhase;
			buildActionMask = 2147483647;
			files = (
				485BE1D124AB9A0E000571A1 /* FinanzasCore.framework in Frameworks */,
			);
			runOnlyForDeploymentPostprocessing = 0;
		};
/* End PBXFrameworksBuildPhase section */

/* Begin PBXGroup section */
		485BE1CB24AB9A0E000571A1 /* FinanzasCore */ = {
			isa = PBXGroup;
			children = (
				485BE1DA24AB9A43000571A1 /* Account.swift */,
				485BE1D924AB9A43000571A1 /* Date.swift */,
				485BE1D824AB9A43000571A1 /* Debit.swift */,
				485BE1DC24AB9A44000571A1 /* Gain.swift */,
				485BE1DB24AB9A43000571A1 /* Person.swift */,
				485BE1D724AB9A43000571A1 /* Transactions.swift */,
				485BE1CC24AB9A0E000571A1 /* FinanzasCore.h */,
				485BE1CD24AB9A0E000571A1 /* Info.plist */,
			);
			path = FinanzasCore;
			sourceTree = "<group>";
		};
		485BE1E924ABF43E000571A1 /* Base */ = {
			isa = PBXGroup;
			children = (
				4897556524A68AD200D6CF49 /* AppDelegate.swift */,
				4897556724A68AD200D6CF49 /* SceneDelegate.swift */,
				4897557024A68AD800D6CF49 /* LaunchScreen.storyboard */,
				4897557324A68AD800D6CF49 /* Info.plist */,
			);
			path = Base;
			sourceTree = "<group>";
		};
		485BE1EA24ABF45E000571A1 /* Main */ = {
			isa = PBXGroup;
			children = (
				485BE1E524ABD799000571A1 /* BaseTabBarViewController.swift */,
				4897557924A6AD2200D6CF49 /* TransactionsViewController.swift */,
				485BE1E324ABA2FD000571A1 /* TransaccionCell.swift */,
				4897556924A68AD200D6CF49 /* AccountViewController.swift */,
				4897556B24A68AD200D6CF49 /* Main.storyboard */,
			);
			path = Main;
			sourceTree = "<group>";
		};
		485BE1EB24ABF466000571A1 /* Resources */ = {
			isa = PBXGroup;
			children = (
				4897556E24A68AD800D6CF49 /* Assets.xcassets */,
			);
			path = Resources;
			sourceTree = "<group>";
		};
		485BE1EC24ABF475000571A1 /* Extensiones */ = {
			isa = PBXGroup;
			children = (
				485BE1E724ABE143000571A1 /* Extensions.swift */,
			);
			path = Extensiones;
			sourceTree = "<group>";
		};
		4897555924A68AD100D6CF49 = {
			isa = PBXGroup;
			children = (
				4897556424A68AD200D6CF49 /* FinanzasFirst */,
				485BE1CB24AB9A0E000571A1 /* FinanzasCore */,
				4897556324A68AD200D6CF49 /* Products */,
			);
			sourceTree = "<group>";
		};
		4897556324A68AD200D6CF49 /* Products */ = {
			isa = PBXGroup;
			children = (
				4897556224A68AD200D6CF49 /* FinanzasFirst.app */,
				485BE1CA24AB9A0E000571A1 /* FinanzasCore.framework */,
			);
			name = Products;
			sourceTree = "<group>";
		};
		4897556424A68AD200D6CF49 /* FinanzasFirst */ = {
			isa = PBXGroup;
			children = (
				485BE1EC24ABF475000571A1 /* Extensiones */,
				485BE1E924ABF43E000571A1 /* Base */,
				485BE1EA24ABF45E000571A1 /* Main */,
				48A8438A24AA7D9F00A164A4 /* AddTransaction */,
				485BE1EB24ABF466000571A1 /* Resources */,
			);
			path = FinanzasFirst;
			sourceTree = "<group>";
		};
		48A8438A24AA7D9F00A164A4 /* AddTransaction */ = {
			isa = PBXGroup;
			children = (
				48A8438824AA7C4700A164A4 /* AddTransaction.storyboard */,
				48A8438B24AA7DBA00A164A4 /* AddTransactionViewController.swift */,
			);
			path = AddTransaction;
			sourceTree = "<group>";
		};
/* End PBXGroup section */

/* Begin PBXHeadersBuildPhase section */
		485BE1C524AB9A0E000571A1 /* Headers */ = {
			isa = PBXHeadersBuildPhase;
			buildActionMask = 2147483647;
			files = (
				485BE1CE24AB9A0E000571A1 /* FinanzasCore.h in Headers */,
			);
			runOnlyForDeploymentPostprocessing = 0;
		};
/* End PBXHeadersBuildPhase section */

/* Begin PBXNativeTarget section */
		485BE1C924AB9A0E000571A1 /* FinanzasCore */ = {
			isa = PBXNativeTarget;
			buildConfigurationList = 485BE1D624AB9A0E000571A1 /* Build configuration list for PBXNativeTarget "FinanzasCore" */;
			buildPhases = (
				485BE1C524AB9A0E000571A1 /* Headers */,
				485BE1C624AB9A0E000571A1 /* Sources */,
				485BE1C724AB9A0E000571A1 /* Frameworks */,
				485BE1C824AB9A0E000571A1 /* Resources */,
			);
			buildRules = (
			);
			dependencies = (
			);
			name = FinanzasCore;
			productName = FinanzasCore;
			productReference = 485BE1CA24AB9A0E000571A1 /* FinanzasCore.framework */;
			productType = "com.apple.product-type.framework";
		};
		4897556124A68AD200D6CF49 /* FinanzasFirst */ = {
			isa = PBXNativeTarget;
			buildConfigurationList = 4897557624A68AD800D6CF49 /* Build configuration list for PBXNativeTarget "FinanzasFirst" */;
			buildPhases = (
				4897555E24A68AD200D6CF49 /* Sources */,
				4897555F24A68AD200D6CF49 /* Frameworks */,
				4897556024A68AD200D6CF49 /* Resources */,
				485BE1D324AB9A0E000571A1 /* Embed Frameworks */,
			);
			buildRules = (
			);
			dependencies = (
				485BE1D024AB9A0E000571A1 /* PBXTargetDependency */,
			);
			name = FinanzasFirst;
			productName = FinanzasFirst;
			productReference = 4897556224A68AD200D6CF49 /* FinanzasFirst.app */;
			productType = "com.apple.product-type.application";
		};
/* End PBXNativeTarget section */

/* Begin PBXProject section */
		4897555A24A68AD100D6CF49 /* Project object */ = {
			isa = PBXProject;
			attributes = {
				LastSwiftUpdateCheck = 1150;
				LastUpgradeCheck = 1150;
				ORGANIZATIONNAME = tacode;
				TargetAttributes = {
					485BE1C924AB9A0E000571A1 = {
						CreatedOnToolsVersion = 11.5;
						LastSwiftMigration = 1150;
					};
					4897556124A68AD200D6CF49 = {
						CreatedOnToolsVersion = 11.5;
					};
				};
			};
			buildConfigurationList = 4897555D24A68AD100D6CF49 /* Build configuration list for PBXProject "FinanzasFirst" */;
			compatibilityVersion = "Xcode 9.3";
			developmentRegion = en;
			hasScannedForEncodings = 0;
			knownRegions = (
				en,
				Base,
			);
			mainGroup = 4897555924A68AD100D6CF49;
			productRefGroup = 4897556324A68AD200D6CF49 /* Products */;
			projectDirPath = "";
			projectRoot = "";
			targets = (
				4897556124A68AD200D6CF49 /* FinanzasFirst */,
				485BE1C924AB9A0E000571A1 /* FinanzasCore */,
			);
		};
/* End PBXProject section */

/* Begin PBXResourcesBuildPhase section */
		485BE1C824AB9A0E000571A1 /* Resources */ = {
			isa = PBXResourcesBuildPhase;
			buildActionMask = 2147483647;
			files = (
			);
			runOnlyForDeploymentPostprocessing = 0;
		};
		4897556024A68AD200D6CF49 /* Resources */ = {
			isa = PBXResourcesBuildPhase;
			buildActionMask = 2147483647;
			files = (
				4897557224A68AD800D6CF49 /* LaunchScreen.storyboard in Resources */,
				4897556F24A68AD800D6CF49 /* Assets.xcassets in Resources */,
				4897556D24A68AD200D6CF49 /* Main.storyboard in Resources */,
				48A8438924AA7C4700A164A4 /* AddTransaction.storyboard in Resources */,
			);
			runOnlyForDeploymentPostprocessing = 0;
		};
/* End PBXResourcesBuildPhase section */

/* Begin PBXSourcesBuildPhase section */
		485BE1C624AB9A0E000571A1 /* Sources */ = {
			isa = PBXSourcesBuildPhase;
			buildActionMask = 2147483647;
			files = (
				485BE1E124AB9A44000571A1 /* Person.swift in Sources */,
				485BE1DE24AB9A44000571A1 /* Debit.swift in Sources */,
				485BE1E024AB9A44000571A1 /* Account.swift in Sources */,
				485BE1DF24AB9A44000571A1 /* Date.swift in Sources */,
				485BE1E224AB9A44000571A1 /* Gain.swift in Sources */,
				485BE1DD24AB9A44000571A1 /* Transactions.swift in Sources */,
			);
			runOnlyForDeploymentPostprocessing = 0;
		};
		4897555E24A68AD200D6CF49 /* Sources */ = {
			isa = PBXSourcesBuildPhase;
			buildActionMask = 2147483647;
			files = (
				485BE1E624ABD799000571A1 /* BaseTabBarViewController.swift in Sources */,
				4897556A24A68AD200D6CF49 /* AccountViewController.swift in Sources */,
				4897556624A68AD200D6CF49 /* AppDelegate.swift in Sources */,
				485BE1E824ABE143000571A1 /* Extensions.swift in Sources */,
				48A8438C24AA7DBA00A164A4 /* AddTransactionViewController.swift in Sources */,
				4897557A24A6AD2200D6CF49 /* TransactionsViewController.swift in Sources */,
				4897556824A68AD200D6CF49 /* SceneDelegate.swift in Sources */,
				485BE1E424ABA2FD000571A1 /* TransaccionCell.swift in Sources */,
			);
			runOnlyForDeploymentPostprocessing = 0;
		};
/* End PBXSourcesBuildPhase section */

/* Begin PBXTargetDependency section */
		485BE1D024AB9A0E000571A1 /* PBXTargetDependency */ = {
			isa = PBXTargetDependency;
			target = 485BE1C924AB9A0E000571A1 /* FinanzasCore */;
			targetProxy = 485BE1CF24AB9A0E000571A1 /* PBXContainerItemProxy */;
		};
/* End PBXTargetDependency section */

/* Begin PBXVariantGroup section */
		4897556B24A68AD200D6CF49 /* Main.storyboard */ = {
			isa = PBXVariantGroup;
			children = (
				4897556C24A68AD200D6CF49 /* Base */,
			);
			name = Main.storyboard;
			sourceTree = "<group>";
		};
		4897557024A68AD800D6CF49 /* LaunchScreen.storyboard */ = {
			isa = PBXVariantGroup;
			children = (
				4897557124A68AD800D6CF49 /* Base */,
			);
			name = LaunchScreen.storyboard;
			sourceTree = "<group>";
		};
/* End PBXVariantGroup section */

/* Begin XCBuildConfiguration section */
		485BE1D424AB9A0E000571A1 /* Debug */ = {
			isa = XCBuildConfiguration;
			buildSettings = {
				CLANG_ENABLE_MODULES = YES;
				CODE_SIGN_STYLE = Automatic;
				CURRENT_PROJECT_VERSION = 1;
				DEFINES_MODULE = YES;
				DEVELOPMENT_TEAM = 4N56H8P494;
				DYLIB_COMPATIBILITY_VERSION = 1;
				DYLIB_CURRENT_VERSION = 1;
				DYLIB_INSTALL_NAME_BASE = "@rpath";
				INFOPLIST_FILE = FinanzasCore/Info.plist;
				INSTALL_PATH = "$(LOCAL_LIBRARY_DIR)/Frameworks";
				IPHONEOS_DEPLOYMENT_TARGET = 13.3;
				LD_RUNPATH_SEARCH_PATHS = (
					"$(inherited)",
					"@executable_path/Frameworks",
					"@loader_path/Frameworks",
				);
				PRODUCT_BUNDLE_IDENTIFIER = com.tacode.FinanzasCore;
				PRODUCT_NAME = "$(TARGET_NAME:c99extidentifier)";
				SKIP_INSTALL = YES;
				SWIFT_OPTIMIZATION_LEVEL = "-Onone";
				SWIFT_VERSION = 5.0;
				TARGETED_DEVICE_FAMILY = "1,2";
				VERSIONING_SYSTEM = "apple-generic";
				VERSION_INFO_PREFIX = "";
			};
			name = Debug;
		};
		485BE1D524AB9A0E000571A1 /* Release */ = {
			isa = XCBuildConfiguration;
			buildSettings = {
				CLANG_ENABLE_MODULES = YES;
				CODE_SIGN_STYLE = Automatic;
				CURRENT_PROJECT_VERSION = 1;
				DEFINES_MODULE = YES;
				DEVELOPMENT_TEAM = 4N56H8P494;
				DYLIB_COMPATIBILITY_VERSION = 1;
				DYLIB_CURRENT_VERSION = 1;
				DYLIB_INSTALL_NAME_BASE = "@rpath";
				INFOPLIST_FILE = FinanzasCore/Info.plist;
				INSTALL_PATH = "$(LOCAL_LIBRARY_DIR)/Frameworks";
				IPHONEOS_DEPLOYMENT_TARGET = 13.3;
				LD_RUNPATH_SEARCH_PATHS = (
					"$(inherited)",
					"@executable_path/Frameworks",
					"@loader_path/Frameworks",
				);
				PRODUCT_BUNDLE_IDENTIFIER = com.tacode.FinanzasCore;
				PRODUCT_NAME = "$(TARGET_NAME:c99extidentifier)";
				SKIP_INSTALL = YES;
				SWIFT_VERSION = 5.0;
				TARGETED_DEVICE_FAMILY = "1,2";
				VERSIONING_SYSTEM = "apple-generic";
				VERSION_INFO_PREFIX = "";
			};
			name = Release;
		};
		4897557424A68AD800D6CF49 /* Debug */ = {
			isa = XCBuildConfiguration;
			buildSettings = {
				ALWAYS_SEARCH_USER_PATHS = NO;
				CLANG_ANALYZER_NONNULL = YES;
				CLANG_ANALYZER_NUMBER_OBJECT_CONVERSION = YES_AGGRESSIVE;
				CLANG_CXX_LANGUAGE_STANDARD = "gnu++14";
				CLANG_CXX_LIBRARY = "libc++";
				CLANG_ENABLE_MODULES = YES;
				CLANG_ENABLE_OBJC_ARC = YES;
				CLANG_ENABLE_OBJC_WEAK = YES;
				CLANG_WARN_BLOCK_CAPTURE_AUTORELEASING = YES;
				CLANG_WARN_BOOL_CONVERSION = YES;
				CLANG_WARN_COMMA = YES;
				CLANG_WARN_CONSTANT_CONVERSION = YES;
				CLANG_WARN_DEPRECATED_OBJC_IMPLEMENTATIONS = YES;
				CLANG_WARN_DIRECT_OBJC_ISA_USAGE = YES_ERROR;
				CLANG_WARN_DOCUMENTATION_COMMENTS = YES;
				CLANG_WARN_EMPTY_BODY = YES;
				CLANG_WARN_ENUM_CONVERSION = YES;
				CLANG_WARN_INFINITE_RECURSION = YES;
				CLANG_WARN_INT_CONVERSION = YES;
				CLANG_WARN_NON_LITERAL_NULL_CONVERSION = YES;
				CLANG_WARN_OBJC_IMPLICIT_RETAIN_SELF = YES;
				CLANG_WARN_OBJC_LITERAL_CONVERSION = YES;
				CLANG_WARN_OBJC_ROOT_CLASS = YES_ERROR;
				CLANG_WARN_RANGE_LOOP_ANALYSIS = YES;
				CLANG_WARN_STRICT_PROTOTYPES = YES;
				CLANG_WARN_SUSPICIOUS_MOVE = YES;
				CLANG_WARN_UNGUARDED_AVAILABILITY = YES_AGGRESSIVE;
				CLANG_WARN_UNREACHABLE_CODE = YES;
				CLANG_WARN__DUPLICATE_METHOD_MATCH = YES;
				COPY_PHASE_STRIP = NO;
				DEBUG_INFORMATION_FORMAT = dwarf;
				ENABLE_STRICT_OBJC_MSGSEND = YES;
				ENABLE_TESTABILITY = YES;
				GCC_C_LANGUAGE_STANDARD = gnu11;
				GCC_DYNAMIC_NO_PIC = NO;
				GCC_NO_COMMON_BLOCKS = YES;
				GCC_OPTIMIZATION_LEVEL = 0;
				GCC_PREPROCESSOR_DEFINITIONS = (
					"DEBUG=1",
					"$(inherited)",
				);
				GCC_WARN_64_TO_32_BIT_CONVERSION = YES;
				GCC_WARN_ABOUT_RETURN_TYPE = YES_ERROR;
				GCC_WARN_UNDECLARED_SELECTOR = YES;
				GCC_WARN_UNINITIALIZED_AUTOS = YES_AGGRESSIVE;
				GCC_WARN_UNUSED_FUNCTION = YES;
				GCC_WARN_UNUSED_VARIABLE = YES;
				IPHONEOS_DEPLOYMENT_TARGET = 13.5;
				MTL_ENABLE_DEBUG_INFO = INCLUDE_SOURCE;
				MTL_FAST_MATH = YES;
				ONLY_ACTIVE_ARCH = YES;
				SDKROOT = iphoneos;
				SWIFT_ACTIVE_COMPILATION_CONDITIONS = DEBUG;
				SWIFT_OPTIMIZATION_LEVEL = "-Onone";
			};
			name = Debug;
		};
		4897557524A68AD800D6CF49 /* Release */ = {
			isa = XCBuildConfiguration;
			buildSettings = {
				ALWAYS_SEARCH_USER_PATHS = NO;
				CLANG_ANALYZER_NONNULL = YES;
				CLANG_ANALYZER_NUMBER_OBJECT_CONVERSION = YES_AGGRESSIVE;
				CLANG_CXX_LANGUAGE_STANDARD = "gnu++14";
				CLANG_CXX_LIBRARY = "libc++";
				CLANG_ENABLE_MODULES = YES;
				CLANG_ENABLE_OBJC_ARC = YES;
				CLANG_ENABLE_OBJC_WEAK = YES;
				CLANG_WARN_BLOCK_CAPTURE_AUTORELEASING = YES;
				CLANG_WARN_BOOL_CONVERSION = YES;
				CLANG_WARN_COMMA = YES;
				CLANG_WARN_CONSTANT_CONVERSION = YES;
				CLANG_WARN_DEPRECATED_OBJC_IMPLEMENTATIONS = YES;
				CLANG_WARN_DIRECT_OBJC_ISA_USAGE = YES_ERROR;
				CLANG_WARN_DOCUMENTATION_COMMENTS = YES;
				CLANG_WARN_EMPTY_BODY = YES;
				CLANG_WARN_ENUM_CONVERSION = YES;
				CLANG_WARN_INFINITE_RECURSION = YES;
				CLANG_WARN_INT_CONVERSION = YES;
				CLANG_WARN_NON_LITERAL_NULL_CONVERSION = YES;
				CLANG_WARN_OBJC_IMPLICIT_RETAIN_SELF = YES;
				CLANG_WARN_OBJC_LITERAL_CONVERSION = YES;
				CLANG_WARN_OBJC_ROOT_CLASS = YES_ERROR;
				CLANG_WARN_RANGE_LOOP_ANALYSIS = YES;
				CLANG_WARN_STRICT_PROTOTYPES = YES;
				CLANG_WARN_SUSPICIOUS_MOVE = YES;
				CLANG_WARN_UNGUARDED_AVAILABILITY = YES_AGGRESSIVE;
				CLANG_WARN_UNREACHABLE_CODE = YES;
				CLANG_WARN__DUPLICATE_METHOD_MATCH = YES;
				COPY_PHASE_STRIP = NO;
				DEBUG_INFORMATION_FORMAT = "dwarf-with-dsym";
				ENABLE_NS_ASSERTIONS = NO;
				ENABLE_STRICT_OBJC_MSGSEND = YES;
				GCC_C_LANGUAGE_STANDARD = gnu11;
				GCC_NO_COMMON_BLOCKS = YES;
				GCC_WARN_64_TO_32_BIT_CONVERSION = YES;
				GCC_WARN_ABOUT_RETURN_TYPE = YES_ERROR;
				GCC_WARN_UNDECLARED_SELECTOR = YES;
				GCC_WARN_UNINITIALIZED_AUTOS = YES_AGGRESSIVE;
				GCC_WARN_UNUSED_FUNCTION = YES;
				GCC_WARN_UNUSED_VARIABLE = YES;
				IPHONEOS_DEPLOYMENT_TARGET = 13.5;
				MTL_ENABLE_DEBUG_INFO = NO;
				MTL_FAST_MATH = YES;
				SDKROOT = iphoneos;
				SWIFT_COMPILATION_MODE = wholemodule;
				SWIFT_OPTIMIZATION_LEVEL = "-O";
				VALIDATE_PRODUCT = YES;
			};
			name = Release;
		};
		4897557724A68AD800D6CF49 /* Debug */ = {
			isa = XCBuildConfiguration;
			buildSettings = {
				ALWAYS_EMBED_SWIFT_STANDARD_LIBRARIES = YES;
				ASSETCATALOG_COMPILER_APPICON_NAME = AppIcon;
				CODE_SIGN_STYLE = Automatic;
				DEVELOPMENT_TEAM = 4N56H8P494;
				INFOPLIST_FILE = "$(SRCROOT)/FinanzasFirst/Base/Info.plist";
				IPHONEOS_DEPLOYMENT_TARGET = 13.3;
				LD_RUNPATH_SEARCH_PATHS = (
					"$(inherited)",
					"@executable_path/Frameworks",
				);
				PRODUCT_BUNDLE_IDENTIFIER = com.tacode.FinanzasFirst;
				PRODUCT_NAME = "$(TARGET_NAME)";
				SWIFT_VERSION = 5.0;
				TARGETED_DEVICE_FAMILY = "1,2";
			};
			name = Debug;
		};
		4897557824A68AD800D6CF49 /* Release */ = {
			isa = XCBuildConfiguration;
			buildSettings = {
				ALWAYS_EMBED_SWIFT_STANDARD_LIBRARIES = YES;
				ASSETCATALOG_COMPILER_APPICON_NAME = AppIcon;
				CODE_SIGN_STYLE = Automatic;
				DEVELOPMENT_TEAM = 4N56H8P494;
				INFOPLIST_FILE = "$(SRCROOT)/FinanzasFirst/Base/Info.plist";
				IPHONEOS_DEPLOYMENT_TARGET = 13.3;
				LD_RUNPATH_SEARCH_PATHS = (
					"$(inherited)",
					"@executable_path/Frameworks",
				);
				PRODUCT_BUNDLE_IDENTIFIER = com.tacode.FinanzasFirst;
				PRODUCT_NAME = "$(TARGET_NAME)";
				SWIFT_VERSION = 5.0;
				TARGETED_DEVICE_FAMILY = "1,2";
			};
			name = Release;
		};
/* End XCBuildConfiguration section */

/* Begin XCConfigurationList section */
		485BE1D624AB9A0E000571A1 /* Build configuration list for PBXNativeTarget "FinanzasCore" */ = {
			isa = XCConfigurationList;
			buildConfigurations = (
				485BE1D424AB9A0E000571A1 /* Debug */,
				485BE1D524AB9A0E000571A1 /* Release */,
			);
			defaultConfigurationIsVisible = 0;
			defaultConfigurationName = Release;
		};
		4897555D24A68AD100D6CF49 /* Build configuration list for PBXProject "FinanzasFirst" */ = {
			isa = XCConfigurationList;
			buildConfigurations = (
				4897557424A68AD800D6CF49 /* Debug */,
				4897557524A68AD800D6CF49 /* Release */,
			);
			defaultConfigurationIsVisible = 0;
			defaultConfigurationName = Release;
		};
		4897557624A68AD800D6CF49 /* Build configuration list for PBXNativeTarget "FinanzasFirst" */ = {
			isa = XCConfigurationList;
			buildConfigurations = (
				4897557724A68AD800D6CF49 /* Debug */,
				4897557824A68AD800D6CF49 /* Release */,
			);
			defaultConfigurationIsVisible = 0;
			defaultConfigurationName = Release;
		};
/* End XCConfigurationList section */
	};
	rootObject = 4897555A24A68AD100D6CF49 /* Project object */;
}
